
Microsoft Visual Studio Solution File, Format Version 12.00
# Visual Studio Version 17
VisualStudioVersion = 17.9.34902.65
MinimumVisualStudioVersion = 10.0.40219.1
Project("{FAE04EC0-301F-11D3-BF4B-00C04F79EFBC}") = "Webhook", "Webhook.csproj", "{487A0F85-BEA7-4A4A-82B9-D84860859E7F}"
EndProject
Global
	GlobalSection(SolutionConfigurationPlatforms) = preSolution
		Debug|Any CPU = Debug|Any CPU
		Release|Any CPU = Release|Any CPU
	EndGlobalSection
	GlobalSection(ProjectConfigurationPlatforms) = postSolution
		{487A0F85-BEA7-4A4A-82B9-D84860859E7F}.Debug|Any CPU.ActiveCfg = Debug|Any CPU
		{487A0F85-BEA7-4A4A-82B9-D84860859E7F}.Debug|Any CPU.Build.0 = Debug|Any CPU
		{487A0F85-BEA7-4A4A-82B9-D84860859E7F}.Release|Any CPU.ActiveCfg = Release|Any CPU
		{487A0F85-BEA7-4A4A-82B9-D84860859E7F}.Release|Any CPU.Build.0 = Release|Any CPU
	EndGlobalSection
	GlobalSection(SolutionProperties) = preSolution
		HideSolutionNode = FALSE
	EndGlobalSection
	GlobalSection(ExtensibilityGlobals) = postSolution
		SolutionGuid = {18243826-CC93-445B-9A51-010CC17D99E9}
	EndGlobalSection
EndGlobal
